
Microsoft Visual Studio Solution File, Format Version 12.00
# Visual Studio Version 17
VisualStudioVersion = 17.10.34928.147
MinimumVisualStudioVersion = 10.0.40219.1
Project("{FAE04EC0-301F-11D3-BF4B-00C04F79EFBC}") = "finbagapisol", "finbagapisol.csproj", "{EAC2E63F-0E69-4655-81CD-527CA1BA1294}"
EndProject
Global
	GlobalSection(SolutionConfigurationPlatforms) = preSolution
		Debug|Any CPU = Debug|Any CPU
		Release|Any CPU = Release|Any CPU
	EndGlobalSection
	GlobalSection(ProjectConfigurationPlatforms) = postSolution
		{EAC2E63F-0E69-4655-81CD-527CA1BA1294}.Debug|Any CPU.ActiveCfg = Debug|Any CPU
		{EAC2E63F-0E69-4655-81CD-527CA1BA1294}.Debug|Any CPU.Build.0 = Debug|Any CPU
		{EAC2E63F-0E69-4655-81CD-527CA1BA1294}.Release|Any CPU.ActiveCfg = Release|Any CPU
		{EAC2E63F-0E69-4655-81CD-527CA1BA1294}.Release|Any CPU.Build.0 = Release|Any CPU
	EndGlobalSection
	GlobalSection(SolutionProperties) = preSolution
		HideSolutionNode = FALSE
	EndGlobalSection
	GlobalSection(ExtensibilityGlobals) = postSolution
		SolutionGuid = {FAE1AE45-8345-4A19-9117-F4FEEB9A416A}
	EndGlobalSection
EndGlobal
